
Microsoft Visual Studio Solution File, Format Version 12.00
# Visual Studio Version 16
VisualStudioVersion = 16.0.31005.135
MinimumVisualStudioVersion = 10.0.40219.1
Project("{2150E333-8FDC-42A3-9474-1A3956D46DE8}") = "protos", "protos", "{13B9EFA0-B681-4EF6-AB00-0F993C3D92F5}"
	ProjectSection(SolutionItems) = preProject
		protos\methods.proto = protos\methods.proto
	EndProjectSection
EndProject
Project("{FAE04EC0-301F-11D3-BF4B-00C04F79EFBC}") = "Server", "Server\Server.csproj", "{BB31FE8A-ED13-4E15-9BA7-1EF79530609C}"
EndProject
Project("{FAE04EC0-301F-11D3-BF4B-00C04F79EFBC}") = "Client", "Client\Client.csproj", "{998988AD-C499-424D-B23A-D29D00A0807A}"
EndProject
Global
	GlobalSection(SolutionConfigurationPlatforms) = preSolution
		Debug|Any CPU = Debug|Any CPU
		Release|Any CPU = Release|Any CPU
	EndGlobalSection
	GlobalSection(ProjectConfigurationPlatforms) = postSolution
		{BB31FE8A-ED13-4E15-9BA7-1EF79530609C}.Debug|Any CPU.ActiveCfg = Debug|Any CPU
		{BB31FE8A-ED13-4E15-9BA7-1EF79530609C}.Debug|Any CPU.Build.0 = Debug|Any CPU
		{BB31FE8A-ED13-4E15-9BA7-1EF79530609C}.Release|Any CPU.ActiveCfg = Release|Any CPU
		{BB31FE8A-ED13-4E15-9BA7-1EF79530609C}.Release|Any CPU.Build.0 = Release|Any CPU
		{998988AD-C499-424D-B23A-D29D00A0807A}.Debug|Any CPU.ActiveCfg = Debug|Any CPU
		{998988AD-C499-424D-B23A-D29D00A0807A}.Debug|Any CPU.Build.0 = Debug|Any CPU
		{998988AD-C499-424D-B23A-D29D00A0807A}.Release|Any CPU.ActiveCfg = Release|Any CPU
		{998988AD-C499-424D-B23A-D29D00A0807A}.Release|Any CPU.Build.0 = Release|Any CPU
	EndGlobalSection
	GlobalSection(SolutionProperties) = preSolution
		HideSolutionNode = FALSE
	EndGlobalSection
	GlobalSection(ExtensibilityGlobals) = postSolution
		SolutionGuid = {6470FDC8-2321-4FAC-82D6-510E79E7225D}
	EndGlobalSection
EndGlobal
